PODS:
  - flutter_platform_alert (0.0.1):
    - FlutterMacOS
  - flutter_window_close (0.0.1):
    - FlutterMacOS
  - FlutterMacOS (1.0.0)

DEPENDENCIES:
  - flutter_platform_alert (from `Flutter/ephemeral/.symlinks/plugins/flutter_platform_alert/macos`)
  - flutter_window_close (from `Flutter/ephemeral/.symlinks/plugins/flutter_window_close/macos`)
  - FlutterMacOS (from `Flutter/ephemeral`)

EXTERNAL SOURCES:
  flutter_platform_alert:
    :path: Flutter/ephemeral/.symlinks/plugins/flutter_platform_alert/macos
  flutter_window_close:
    :path: Flutter/ephemeral/.symlinks/plugins/flutter_window_close/macos
  FlutterMacOS:
    :path: Flutter/ephemeral

SPEC CHECKSUMS:
  flutter_platform_alert: 0373c95e18cdeda110eddcc3cb78fdd64f59dce0
  flutter_window_close: bd408414cbbf0d39f0d3076c4da0cdbf1c527168
  FlutterMacOS: 8f6f14fa908a6fb3fba0cd85dbd81ec4b251fb24

PODFILE CHECKSUM: 236401fc2c932af29a9fcf0e97baeeb2d750d367

COCOAPODS: 1.16.2
